{"version":4,"terraform_version":"1.11.2","serial":2,"lineage":"59cfb6ee-32b2-503d-bf85-510c69de51a9","outputs":{"context_ids":{"value":{"aws-integration":"aws-integration","development":"development-config","production":"production-config","secrets":"shared-secrets","staging":"staging-config"},"type":["object",{"aws-integration":"string","development":"string","production":"string","secrets":"string","staging":"string"}]},"space_ids":{"value":{"development":"development-01KEHWXE53QKGHXWSY4XJX2C9S","platform":"platform-01KEHWXE1GMZMGG0VN8SQG0B7R","production":"production-01KEHWXE62MRHKV84F71QQAR1G","staging":"staging-01KEHWXE5NJWJV9Q6F9JK2HAJQ","team-alpha":"team-alpha-01KEHWXEZGRCAHK9SWBFZJ7V5Y","team-beta":"team-beta-01KEHWXF0YTD50YJTJ7JEAX83D","team-platform":"platform-team-01KEHWXF0CD4XT03QCHRJ5A7EF"},"type":["object",{"development":"string","platform":"string","production":"string","staging":"string","team-alpha":"string","team-beta":"string","team-platform":"string"}]}},"resources":[{"mode":"managed","type":"spacelift_context","name":"aws_integration","provider":"provider[\"registry.opentofu.org/spacelift-io/spacelift\"]","instances":[{"schema_version":0,"attributes":{"after_apply":[],"after_destroy":[],"after_init":[],"after_perform":[],"after_plan":[],"after_run":[],"before_apply":[],"before_destroy":[],"before_init":[],"before_perform":[],"before_plan":[],"description":"AWS credentials and configuration","id":"aws-integration","labels":["aws","credentials","shared"],"name":"aws-integration","space_id":"platform-01KEHWXE1GMZMGG0VN8SQG0B7R"},"sensitive_attributes":[],"private":"bnVsbA==","dependencies":["spacelift_space.platform"]}]},{"mode":"managed","type":"spacelift_context","name":"environment","provider":"provider[\"registry.opentofu.org/spacelift-io/spacelift\"]","instances":[{"index_key":"development","schema_version":0,"attributes":{"after_apply":[],"after_destroy":[],"after_init":[],"after_perform":[],"after_plan":[],"after_run":[],"before_apply":[],"before_destroy":[],"before_init":[],"before_perform":[],"before_plan":[],"description":"Configuration for development environment","id":"development-config","labels":["config","development","environment"],"name":"development-config","space_id":"development-01KEHWXE53QKGHXWSY4XJX2C9S"},"sensitive_attributes":[],"private":"bnVsbA==","dependencies":["spacelift_space.environment"]},{"index_key":"production","schema_version":0,"attributes":{"after_apply":[],"after_destroy":[],"after_init":[],"after_perform":[],"after_plan":[],"after_run":[],"before_apply":[],"before_destroy":[],"before_init":[],"before_perform":[],"before_plan":[],"description":"Configuration for production environment","id":"production-config","labels":["config","environment","production"],"name":"production-config","space_id":"production-01KEHWXE62MRHKV84F71QQAR1G"},"sensitive_attributes":[],"private":"bnVsbA==","dependencies":["spacelift_space.environment"]},{"index_key":"staging","schema_version":0,"attributes":{"after_apply":[],"after_destroy":[],"after_init":[],"after_perform":[],"after_plan":[],"after_run":[],"before_apply":[],"before_destroy":[],"before_init":[],"before_perform":[],"before_plan":[],"description":"Configuration for staging environment","id":"staging-config","labels":["config","environment","staging"],"name":"staging-config","space_id":"staging-01KEHWXE5NJWJV9Q6F9JK2HAJQ"},"sensitive_attributes":[],"private":"bnVsbA==","dependencies":["spacelift_space.environment"]}]},{"mode":"managed","type":"spacelift_context","name":"secrets","provider":"provider[\"registry.opentofu.org/spacelift-io/spacelift\"]","instances":[{"schema_version":0,"attributes":{"after_apply":[],"after_destroy":[],"after_init":[],"after_perform":[],"after_plan":[],"after_run":[],"before_apply":[],"before_destroy":[],"before_init":[],"before_perform":[],"before_plan":[],"description":"Shared secrets for all stacks","id":"shared-secrets","labels":["secrets","sensitive"],"name":"shared-secrets","space_id":"platform-01KEHWXE1GMZMGG0VN8SQG0B7R"},"sensitive_attributes":[],"private":"bnVsbA==","dependencies":["spacelift_space.platform"]}]},{"mode":"managed","type":"spacelift_environment_variable","name":"aws_region","provider":"provider[\"registry.opentofu.org/spacelift-io/spacelift\"]","instances":[{"schema_version":0,"attributes":{"checksum":"d8c0d0637775d579242f131b11d47ae93a580f9f0183db0df3e868d0240406e5","context_id":"aws-integration","description":"","id":"context/aws-integration/AWS_DEFAULT_REGION","module_id":null,"name":"AWS_DEFAULT_REGION","stack_id":null,"value":"us-west-2","write_only":false},"sensitive_attributes":[[{"type":"get_attr","value":"value"}]],"private":"bnVsbA==","dependencies":["spacelift_context.aws_integration","spacelift_space.platform"]}]},{"mode":"managed","type":"spacelift_environment_variable","name":"env_name","provider":"provider[\"registry.opentofu.org/spacelift-io/spacelift\"]","instances":[{"index_key":"development","schema_version":0,"attributes":{"checksum":"875b9380866e9d56e7110b0ee310962c16d9d4ae103f829d62bdffd2cbe7c61d","context_id":"development-config","description":"","id":"context/development-config/TF_VAR_environment","module_id":null,"name":"TF_VAR_environment","stack_id":null,"value":"development","write_only":false},"sensitive_attributes":[[{"type":"get_attr","value":"value"}]],"private":"bnVsbA==","dependencies":["spacelift_context.environment","spacelift_space.environment"]},{"index_key":"production","schema_version":0,"attributes":{"checksum":"ab8e18ef4ebebeddc0b3152ce9c9006e14fc05242e3fc9ce32246ea6a9543074","context_id":"production-config","description":"","id":"context/production-config/TF_VAR_environment","module_id":null,"name":"TF_VAR_environment","stack_id":null,"value":"production","write_only":false},"sensitive_attributes":[[{"type":"get_attr","value":"value"}]],"private":"bnVsbA==","dependencies":["spacelift_context.environment","spacelift_space.environment"]},{"index_key":"staging","schema_version":0,"attributes":{"checksum":"e919a75364398a449f860aeadddc57fa0502145a4e63959ddb33c417a48dc0da","context_id":"staging-config","description":"","id":"context/staging-config/TF_VAR_environment","module_id":null,"name":"TF_VAR_environment","stack_id":null,"value":"staging","write_only":false},"sensitive_attributes":[[{"type":"get_attr","value":"value"}]],"private":"bnVsbA==","dependencies":["spacelift_context.environment","spacelift_space.environment"]}]},{"mode":"managed","type":"spacelift_environment_variable","name":"env_settings","provider":"provider[\"registry.opentofu.org/spacelift-io/spacelift\"]","instances":[{"index_key":"development","schema_version":0,"attributes":{"checksum":"6b86b273ff34fce19d6b804eff5a3f5747ada4eaa22f1d49c01e52ddb7875b4b","context_id":"development-config","description":"","id":"context/development-config/TF_VAR_default_replicas","module_id":null,"name":"TF_VAR_default_replicas","stack_id":null,"value":"1","write_only":false},"sensitive_attributes":[[{"type":"get_attr","value":"value"}]],"private":"bnVsbA==","dependencies":["spacelift_context.environment","spacelift_space.environment"]},{"index_key":"production","schema_version":0,"attributes":{"checksum":"4e07408562bedb8b60ce05c1decfe3ad16b72230967de01f640b7e4729b49fce","context_id":"production-config","description":"","id":"context/production-config/TF_VAR_default_replicas","module_id":null,"name":"TF_VAR_default_replicas","stack_id":null,"value":"3","write_only":false},"sensitive_attributes":[[{"type":"get_attr","value":"value"}]],"private":"bnVsbA==","dependencies":["spacelift_context.environment","spacelift_space.environment"]},{"index_key":"staging","schema_version":0,"attributes":{"checksum":"d4735e3a265e16eee03f59718b9b5d03019c07d8b6c51f90da3a666eec13ab35","context_id":"staging-config","description":"","id":"context/staging-config/TF_VAR_default_replicas","module_id":null,"name":"TF_VAR_default_replicas","stack_id":null,"value":"2","write_only":false},"sensitive_attributes":[[{"type":"get_attr","value":"value"}]],"private":"bnVsbA==","dependencies":["spacelift_context.environment","spacelift_space.environment"]}]},{"mode":"managed","type":"spacelift_space","name":"environment","provider":"provider[\"registry.opentofu.org/spacelift-io/spacelift\"]","instances":[{"index_key":"development","schema_version":0,"attributes":{"description":"Development environment resources","id":"development-01KEHWXE53QKGHXWSY4XJX2C9S","inherit_entities":true,"labels":["development","environment"],"name":"Development","parent_space_id":"root"},"sensitive_attributes":[],"private":"bnVsbA=="},{"index_key":"production","schema_version":0,"attributes":{"description":"Production environment resources","id":"production-01KEHWXE62MRHKV84F71QQAR1G","inherit_entities":true,"labels":["environment","production"],"name":"Production","parent_space_id":"root"},"sensitive_attributes":[],"private":"bnVsbA=="},{"index_key":"staging","schema_version":0,"attributes":{"description":"Staging environment resources","id":"staging-01KEHWXE5NJWJV9Q6F9JK2HAJQ","inherit_entities":true,"labels":["environment","staging"],"name":"Staging","parent_space_id":"root"},"sensitive_attributes":[],"private":"bnVsbA=="}]},{"mode":"managed","type":"spacelift_space","name":"platform","provider":"provider[\"registry.opentofu.org/spacelift-io/spacelift\"]","instances":[{"schema_version":0,"attributes":{"description":"Platform team and shared resources","id":"platform-01KEHWXE1GMZMGG0VN8SQG0B7R","inherit_entities":true,"labels":["admin","platform"],"name":"Platform","parent_space_id":"root"},"sensitive_attributes":[],"private":"bnVsbA=="}]},{"mode":"managed","type":"spacelift_space","name":"team","provider":"provider[\"registry.opentofu.org/spacelift-io/spacelift\"]","instances":[{"index_key":"alpha","schema_version":0,"attributes":{"description":"Application team Alpha","id":"team-alpha-01KEHWXEZGRCAHK9SWBFZJ7V5Y","inherit_entities":true,"labels":["alpha","team"],"name":"Team Alpha","parent_space_id":"development-01KEHWXE53QKGHXWSY4XJX2C9S"},"sensitive_attributes":[],"private":"bnVsbA==","dependencies":["spacelift_space.environment"]},{"index_key":"beta","schema_version":0,"attributes":{"description":"Application team Beta","id":"team-beta-01KEHWXF0YTD50YJTJ7JEAX83D","inherit_entities":true,"labels":["beta","team"],"name":"Team Beta","parent_space_id":"development-01KEHWXE53QKGHXWSY4XJX2C9S"},"sensitive_attributes":[],"private":"bnVsbA==","dependencies":["spacelift_space.environment"]},{"index_key":"platform","schema_version":0,"attributes":{"description":"Platform engineering team","id":"platform-team-01KEHWXF0CD4XT03QCHRJ5A7EF","inherit_entities":true,"labels":["platform","team"],"name":"Platform Team","parent_space_id":"development-01KEHWXE53QKGHXWSY4XJX2C9S"},"sensitive_attributes":[],"private":"bnVsbA==","dependencies":["spacelift_space.environment"]}]}],"check_results":null}
